lockfileVersion: 5.4

specifiers:
  '@types/node': ^20.2.3
  class-validator: ^0.14.0
  typescript: ^5.0.4

devDependencies:
  '@types/node': 20.2.3
  class-validator: 0.14.0
  typescript: 5.0.4

packages:

  /@types/node/20.2.3:
    resolution: {integrity: sha512-pg9d0yC4rVNWQzX8U7xb4olIOFuuVL9za3bzMT2pu2SU0SNEi66i2qrvhE2qt0HvkhuCaWJu7pLNOt/Pj8BIrw==}
    dev: true

  /@types/validator/13.7.17:
    resolution: {integrity: sha512-aqayTNmeWrZcvnG2MG9eGYI6b7S5fl+yKgPs6bAjOTwPS316R5SxBGKvtSExfyoJU7pIeHJfsHI0Ji41RVMkvQ==}
    dev: true

  /class-validator/0.14.0:
    resolution: {integrity: sha512-ct3ltplN8I9fOwUd8GrP8UQixwff129BkEtuWDKL5W45cQuLd19xqmTLu5ge78YDm/fdje6FMt0hGOhl0lii3A==}
    dependencies:
      '@types/validator': 13.7.17
      libphonenumber-js: 1.10.30
      validator: 13.9.0
    dev: true

  /libphonenumber-js/1.10.30:
    resolution: {integrity: sha512-PLGc+xfrQrkya/YK2/5X+bPpxRmyJBHM+xxz9krUdSgk4Vs2ZwxX5/Ow0lv3r9PDlDtNWb4u+it8MY5rZ0IyGw==}
    dev: true

  /typescript/5.0.4:
    resolution: {integrity: sha512-cW9T5W9xY37cc+jfEnaUvX91foxtHkza3Nw3wkoF4sSlKn0MONdkdEndig/qPBWXNkmplh3NzayQzCiHM4/hqw==}
    engines: {node: '>=12.20'}
    hasBin: true
    dev: true

  /validator/13.9.0:
    resolution: {integrity: sha512-B+dGG8U3fdtM0/aNK4/X8CXq/EcxU2WPrPEkJGslb47qyHsxmbggTWK0yEA4qnYVNF+nxNlN88o14hIcPmSIEA==}
    engines: {node: '>= 0.10'}
    dev: true
